// !$*UTF8*$!
{
	archiveVersion = 1;
	classes = {
	};
	objectVersion = 50;
	objects = {

/* Begin PBXBuildFile section */
		81B24A2826CAC0E10087543B /* QuotesListApp.swift in Sources */ = {isa = PBXBuildFile; fileRef = 81B24A2726CAC0E10087543B /* QuotesListApp.swift */; };
		81B24A2A26CAC0E10087543B /* QuoteListView.swift in Sources */ = {isa = PBXBuildFile; fileRef = 81B24A2926CAC0E10087543B /* QuoteListView.swift */; };
		81B24A2C26CAC0E20087543B /* Assets.xcassets in Resources */ = {isa = PBXBuildFile; fileRef = 81B24A2B26CAC0E20087543B /* Assets.xcassets */; };
		81B24A2F26CAC0E20087543B /* Preview Assets.xcassets in Resources */ = {isa = PBXBuildFile; fileRef = 81B24A2E26CAC0E20087543B /* Preview Assets.xcassets */; };
		81B24A3C26CAC1670087543B /* quotes.json in Resources */ = {isa = PBXBuildFile; fileRef = 81B24A3B26CAC1670087543B /* quotes.json */; };
		81B24A3E26CAC41F0087543B /* ListItemView.swift in Sources */ = {isa = PBXBuildFile; fileRef = 81B24A3D26CAC41F0087543B /* ListItemView.swift */; };
		81B24A4026CAC4550087543B /* Quote.swift in Sources */ = {isa = PBXBuildFile; fileRef = 81B24A3F26CAC4550087543B /* Quote.swift */; };
		81B24A4226CAC6160087543B /* DataService.swift in Sources */ = {isa = PBXBuildFile; fileRef = 81B24A4126CAC6160087543B /* DataService.swift */; };
		81B24A4426CAC79B0087543B /* QuoteModel.swift in Sources */ = {isa = PBXBuildFile; fileRef = 81B24A4326CAC79B0087543B /* QuoteModel.swift */; };
/* End PBXBuildFile section */

/* Begin PBXFileReference section */
		81B24A2426CAC0E10087543B /* QuotesList.app */ = {isa = PBXFileReference; explicitFileType = wrapper.application; includeInIndex = 0; path = QuotesList.app; sourceTree = BUILT_PRODUCTS_DIR; };
		81B24A2726CAC0E10087543B /* QuotesListApp.swift */ = {isa = PBXFileReference; lastKnownFileType = sourcecode.swift; path = QuotesListApp.swift; sourceTree = "<group>"; };
		81B24A2926CAC0E10087543B /* QuoteListView.swift */ = {isa = PBXFileReference; lastKnownFileType = sourcecode.swift; path = QuoteListView.swift; sourceTree = "<group>"; };
		81B24A2B26CAC0E20087543B /* Assets.xcassets */ = {isa = PBXFileReference; lastKnownFileType = folder.assetcatalog; path = Assets.xcassets; sourceTree = "<group>"; };
		81B24A2E26CAC0E20087543B /* Preview Assets.xcassets */ = {isa = PBXFileReference; lastKnownFileType = folder.assetcatalog; path = "Preview Assets.xcassets"; sourceTree = "<group>"; };
		81B24A3026CAC0E20087543B /* Info.plist */ = {isa = PBXFileReference; lastKnownFileType = text.plist.xml; path = Info.plist; sourceTree = "<group>"; };
		81B24A3B26CAC1670087543B /* quotes.json */ = {isa = PBXFileReference; lastKnownFileType = text.json; path = quotes.json; sourceTree = "<group>"; };
		81B24A3D26CAC41F0087543B /* ListItemView.swift */ = {isa = PBXFileReference; lastKnownFileType = sourcecode.swift; path = ListItemView.swift; sourceTree = "<group>"; };
		81B24A3F26CAC4550087543B /* Quote.swift */ = {isa = PBXFileReference; lastKnownFileType = sourcecode.swift; path = Quote.swift; sourceTree = "<group>"; };
		81B24A4126CAC6160087543B /* DataService.swift */ = {isa = PBXFileReference; lastKnownFileType = sourcecode.swift; path = DataService.swift; sourceTree = "<group>"; };
		81B24A4326CAC79B0087543B /* QuoteModel.swift */ = {isa = PBXFileReference; lastKnownFileType = sourcecode.swift; path = QuoteModel.swift; sourceTree = "<group>"; };
/* End PBXFileReference section */

/* Begin PBXFrameworksBuildPhase section */
		81B24A2126CAC0E10087543B /* Frameworks */ = {
			isa = PBXFrameworksBuildPhase;
			buildActionMask = 2147483647;
			files = (
			);
			runOnlyForDeploymentPostprocessing = 0;
		};
/* End PBXFrameworksBuildPhase section */

/* Begin PBXGroup section */
		81B24A1B26CAC0E10087543B = {
			isa = PBXGroup;
			children = (
				81B24A2626CAC0E10087543B /* QuotesList */,
				81B24A2526CAC0E10087543B /* Products */,
			);
			sourceTree = "<group>";
		};
		81B24A2526CAC0E10087543B /* Products */ = {
			isa = PBXGroup;
			children = (
				81B24A2426CAC0E10087543B /* QuotesList.app */,
			);
			name = Products;
			sourceTree = "<group>";
		};
		81B24A2626CAC0E10087543B /* QuotesList */ = {
			isa = PBXGroup;
			children = (
				81B24A2726CAC0E10087543B /* QuotesListApp.swift */,
				81B24A3626CAC1130087543B /* Views */,
				81B24A3726CAC1180087543B /* ViewModels */,
				81B24A3826CAC11F0087543B /* Models */,
				81B24A3A26CAC1330087543B /* Data */,
				81B24A3926CAC1280087543B /* Services */,
				81B24A2B26CAC0E20087543B /* Assets.xcassets */,
				81B24A3026CAC0E20087543B /* Info.plist */,
				81B24A2D26CAC0E20087543B /* Preview Content */,
			);
			path = QuotesList;
			sourceTree = "<group>";
		};
		81B24A2D26CAC0E20087543B /* Preview Content */ = {
			isa = PBXGroup;
			children = (
				81B24A2E26CAC0E20087543B /* Preview Assets.xcassets */,
			);
			path = "Preview Content";
			sourceTree = "<group>";
		};
		81B24A3626CAC1130087543B /* Views */ = {
			isa = PBXGroup;
			children = (
				81B24A2926CAC0E10087543B /* QuoteListView.swift */,
				81B24A3D26CAC41F0087543B /* ListItemView.swift */,
			);
			path = Views;
			sourceTree = "<group>";
		};
		81B24A3726CAC1180087543B /* ViewModels */ = {
			isa = PBXGroup;
			children = (
				81B24A4326CAC79B0087543B /* QuoteModel.swift */,
			);
			path = ViewModels;
			sourceTree = "<group>";
		};
		81B24A3826CAC11F0087543B /* Models */ = {
			isa = PBXGroup;
			children = (
				81B24A3F26CAC4550087543B /* Quote.swift */,
			);
			path = Models;
			sourceTree = "<group>";
		};
		81B24A3926CAC1280087543B /* Services */ = {
			isa = PBXGroup;
			children = (
				81B24A4126CAC6160087543B /* DataService.swift */,
			);
			path = Services;
			sourceTree = "<group>";
		};
		81B24A3A26CAC1330087543B /* Data */ = {
			isa = PBXGroup;
			children = (
				81B24A3B26CAC1670087543B /* quotes.json */,
			);
			path = Data;
			sourceTree = "<group>";
		};
/* End PBXGroup section */

/* Begin PBXNativeTarget section */
		81B24A2326CAC0E10087543B /* QuotesList */ = {
			isa = PBXNativeTarget;
			buildConfigurationList = 81B24A3326CAC0E20087543B /* Build configuration list for PBXNativeTarget "QuotesList" */;
			buildPhases = (
				81B24A2026CAC0E10087543B /* Sources */,
				81B24A2126CAC0E10087543B /* Frameworks */,
				81B24A2226CAC0E10087543B /* Resources */,
			);
			buildRules = (
			);
			dependencies = (
			);
			name = QuotesList;
			productName = QuotesList;
			productReference = 81B24A2426CAC0E10087543B /* QuotesList.app */;
			productType = "com.apple.product-type.application";
		};
/* End PBXNativeTarget section */

/* Begin PBXProject section */
		81B24A1C26CAC0E10087543B /* Project object */ = {
			isa = PBXProject;
			attributes = {
				LastSwiftUpdateCheck = 1250;
				LastUpgradeCheck = 1250;
				TargetAttributes = {
					81B24A2326CAC0E10087543B = {
						CreatedOnToolsVersion = 12.5.1;
					};
				};
			};
			buildConfigurationList = 81B24A1F26CAC0E10087543B /* Build configuration list for PBXProject "QuotesList" */;
			compatibilityVersion = "Xcode 9.3";
			developmentRegion = en;
			hasScannedForEncodings = 0;
			knownRegions = (
				en,
				Base,
			);
			mainGroup = 81B24A1B26CAC0E10087543B;
			productRefGroup = 81B24A2526CAC0E10087543B /* Products */;
			projectDirPath = "";
			projectRoot = "";
			targets = (
				81B24A2326CAC0E10087543B /* QuotesList */,
			);
		};
/* End PBXProject section */

/* Begin PBXResourcesBuildPhase section */
		81B24A2226CAC0E10087543B /* Resources */ = {
			isa = PBXResourcesBuildPhase;
			buildActionMask = 2147483647;
			files = (
				81B24A2F26CAC0E20087543B /* Preview Assets.xcassets in Resources */,
				81B24A2C26CAC0E20087543B /* Assets.xcassets in Resources */,
				81B24A3C26CAC1670087543B /* quotes.json in Resources */,
			);
			runOnlyForDeploymentPostprocessing = 0;
		};
/* End PBXResourcesBuildPhase section */

/* Begin PBXSourcesBuildPhase section */
		81B24A2026CAC0E10087543B /* Sources */ = {
			isa = PBXSourcesBuildPhase;
			buildActionMask = 2147483647;
			files = (
				81B24A4426CAC79B0087543B /* QuoteModel.swift in Sources */,
				81B24A4026CAC4550087543B /* Quote.swift in Sources */,
				81B24A3E26CAC41F0087543B /* ListItemView.swift in Sources */,
				81B24A2A26CAC0E10087543B /* QuoteListView.swift in Sources */,
				81B24A2826CAC0E10087543B /* QuotesListApp.swift in Sources */,
				81B24A4226CAC6160087543B /* DataService.swift in Sources */,
			);
			runOnlyForDeploymentPostprocessing = 0;
		};
/* End PBXSourcesBuildPhase section */

/* Begin XCBuildConfiguration section */
		81B24A3126CAC0E20087543B /* Debug */ = {
			isa = XCBuildConfiguration;
			buildSettings = {
				ALWAYS_SEARCH_USER_PATHS = NO;
				CLANG_ANALYZER_NONNULL = YES;
				CLANG_ANALYZER_NUMBER_OBJECT_CONVERSION = YES_AGGRESSIVE;
				CLANG_CXX_LANGUAGE_STANDARD = "gnu++14";
				CLANG_CXX_LIBRARY = "libc++";
				CLANG_ENABLE_MODULES = YES;
				CLANG_ENABLE_OBJC_ARC = YES;
				CLANG_ENABLE_OBJC_WEAK = YES;
				CLANG_WARN_BLOCK_CAPTURE_AUTORELEASING = YES;
				CLANG_WARN_BOOL_CONVERSION = YES;
				CLANG_WARN_COMMA = YES;
				CLANG_WARN_CONSTANT_CONVERSION = YES;
				CLANG_WARN_DEPRECATED_OBJC_IMPLEMENTATIONS = YES;
				CLANG_WARN_DIRECT_OBJC_ISA_USAGE = YES_ERROR;
				CLANG_WARN_DOCUMENTATION_COMMENTS = YES;
				CLANG_WARN_EMPTY_BODY = YES;
				CLANG_WARN_ENUM_CONVERSION = YES;
				CLANG_WARN_INFINITE_RECURSION = YES;
				CLANG_WARN_INT_CONVERSION = YES;
				CLANG_WARN_NON_LITERAL_NULL_CONVERSION = YES;
				CLANG_WARN_OBJC_IMPLICIT_RETAIN_SELF = YES;
				CLANG_WARN_OBJC_LITERAL_CONVERSION = YES;
				CLANG_WARN_OBJC_ROOT_CLASS = YES_ERROR;
				CLANG_WARN_QUOTED_INCLUDE_IN_FRAMEWORK_HEADER = YES;
				CLANG_WARN_RANGE_LOOP_ANALYSIS = YES;
				CLANG_WARN_STRICT_PROTOTYPES = YES;
				CLANG_WARN_SUSPICIOUS_MOVE = YES;
				CLANG_WARN_UNGUARDED_AVAILABILITY = YES_AGGRESSIVE;
				CLANG_WARN_UNREACHABLE_CODE = YES;
				CLANG_WARN__DUPLICATE_METHOD_MATCH = YES;
				COPY_PHASE_STRIP = NO;
				DEBUG_INFORMATION_FORMAT = dwarf;
				ENABLE_STRICT_OBJC_MSGSEND = YES;
				ENABLE_TESTABILITY = YES;
				GCC_C_LANGUAGE_STANDARD = gnu11;
				GCC_DYNAMIC_NO_PIC = NO;
				GCC_NO_COMMON_BLOCKS = YES;
				GCC_OPTIMIZATION_LEVEL = 0;
				GCC_PREPROCESSOR_DEFINITIONS = (
					"DEBUG=1",
					"$(inherited)",
				);
				GCC_WARN_64_TO_32_BIT_CONVERSION = YES;
				GCC_WARN_ABOUT_RETURN_TYPE = YES_ERROR;
				GCC_WARN_UNDECLARED_SELECTOR = YES;
				GCC_WARN_UNINITIALIZED_AUTOS = YES_AGGRESSIVE;
				GCC_WARN_UNUSED_FUNCTION = YES;
				GCC_WARN_UNUSED_VARIABLE = YES;
				IPHONEOS_DEPLOYMENT_TARGET = 14.5;
				MTL_ENABLE_DEBUG_INFO = INCLUDE_SOURCE;
				MTL_FAST_MATH = YES;
				ONLY_ACTIVE_ARCH = YES;
				SDKROOT = iphoneos;
				SWIFT_ACTIVE_COMPILATION_CONDITIONS = DEBUG;
				SWIFT_OPTIMIZATION_LEVEL = "-Onone";
			};
			name = Debug;
		};
		81B24A3226CAC0E20087543B /* Release */ = {
			isa = XCBuildConfiguration;
			buildSettings = {
				ALWAYS_SEARCH_USER_PATHS = NO;
				CLANG_ANALYZER_NONNULL = YES;
				CLANG_ANALYZER_NUMBER_OBJECT_CONVERSION = YES_AGGRESSIVE;
				CLANG_CXX_LANGUAGE_STANDARD = "gnu++14";
				CLANG_CXX_LIBRARY = "libc++";
				CLANG_ENABLE_MODULES = YES;
				CLANG_ENABLE_OBJC_ARC = YES;
				CLANG_ENABLE_OBJC_WEAK = YES;
				CLANG_WARN_BLOCK_CAPTURE_AUTORELEASING = YES;
				CLANG_WARN_BOOL_CONVERSION = YES;
				CLANG_WARN_COMMA = YES;
				CLANG_WARN_CONSTANT_CONVERSION = YES;
				CLANG_WARN_DEPRECATED_OBJC_IMPLEMENTATIONS = YES;
				CLANG_WARN_DIRECT_OBJC_ISA_USAGE = YES_ERROR;
				CLANG_WARN_DOCUMENTATION_COMMENTS = YES;
				CLANG_WARN_EMPTY_BODY = YES;
				CLANG_WARN_ENUM_CONVERSION = YES;
				CLANG_WARN_INFINITE_RECURSION = YES;
				CLANG_WARN_INT_CONVERSION = YES;
				CLANG_WARN_NON_LITERAL_NULL_CONVERSION = YES;
				CLANG_WARN_OBJC_IMPLICIT_RETAIN_SELF = YES;
				CLANG_WARN_OBJC_LITERAL_CONVERSION = YES;
				CLANG_WARN_OBJC_ROOT_CLASS = YES_ERROR;
				CLANG_WARN_QUOTED_INCLUDE_IN_FRAMEWORK_HEADER = YES;
				CLANG_WARN_RANGE_LOOP_ANALYSIS = YES;
				CLANG_WARN_STRICT_PROTOTYPES = YES;
				CLANG_WARN_SUSPICIOUS_MOVE = YES;
				CLANG_WARN_UNGUARDED_AVAILABILITY = YES_AGGRESSIVE;
				CLANG_WARN_UNREACHABLE_CODE = YES;
				CLANG_WARN__DUPLICATE_METHOD_MATCH = YES;
				COPY_PHASE_STRIP = NO;
				DEBUG_INFORMATION_FORMAT = "dwarf-with-dsym";
				ENABLE_NS_ASSERTIONS = NO;
				ENABLE_STRICT_OBJC_MSGSEND = YES;
				GCC_C_LANGUAGE_STANDARD = gnu11;
				GCC_NO_COMMON_BLOCKS = YES;
				GCC_WARN_64_TO_32_BIT_CONVERSION = YES;
				GCC_WARN_ABOUT_RETURN_TYPE = YES_ERROR;
				GCC_WARN_UNDECLARED_SELECTOR = YES;
				GCC_WARN_UNINITIALIZED_AUTOS = YES_AGGRESSIVE;
				GCC_WARN_UNUSED_FUNCTION = YES;
				GCC_WARN_UNUSED_VARIABLE = YES;
				IPHONEOS_DEPLOYMENT_TARGET = 14.5;
				MTL_ENABLE_DEBUG_INFO = NO;
				MTL_FAST_MATH = YES;
				SDKROOT = iphoneos;
				SWIFT_COMPILATION_MODE = wholemodule;
				SWIFT_OPTIMIZATION_LEVEL = "-O";
				VALIDATE_PRODUCT = YES;
			};
			name = Release;
		};
		81B24A3426CAC0E20087543B /* Debug */ = {
			isa = XCBuildConfiguration;
			buildSettings = {
				ASSETCATALOG_COMPILER_APPICON_NAME = AppIcon;
				ASSETCATALOG_COMPILER_GLOBAL_ACCENT_COLOR_NAME = AccentColor;
				CODE_SIGN_STYLE = Automatic;
				DEVELOPMENT_ASSET_PATHS = "\"QuotesList/Preview Content\"";
				ENABLE_PREVIEWS = YES;
				INFOPLIST_FILE = QuotesList/Info.plist;
				IPHONEOS_DEPLOYMENT_TARGET = 14.0;
				LD_RUNPATH_SEARCH_PATHS = (
					"$(inherited)",
					"@executable_path/Frameworks",
				);
				PRODUCT_BUNDLE_IDENTIFIER = com.mehar.QuotesList;
				PRODUCT_NAME = "$(TARGET_NAME)";
				SWIFT_VERSION = 5.0;
				TARGETED_DEVICE_FAMILY = "1,2";
			};
			name = Debug;
		};
		81B24A3526CAC0E20087543B /* Release */ = {
			isa = XCBuildConfiguration;
			buildSettings = {
				ASSETCATALOG_COMPILER_APPICON_NAME = AppIcon;
				ASSETCATALOG_COMPILER_GLOBAL_ACCENT_COLOR_NAME = AccentColor;
				CODE_SIGN_STYLE = Automatic;
				DEVELOPMENT_ASSET_PATHS = "\"QuotesList/Preview Content\"";
				ENABLE_PREVIEWS = YES;
				INFOPLIST_FILE = QuotesList/Info.plist;
				IPHONEOS_DEPLOYMENT_TARGET = 14.0;
				LD_RUNPATH_SEARCH_PATHS = (
					"$(inherited)",
					"@executable_path/Frameworks",
				);
				PRODUCT_BUNDLE_IDENTIFIER = com.mehar.QuotesList;
				PRODUCT_NAME = "$(TARGET_NAME)";
				SWIFT_VERSION = 5.0;
				TARGETED_DEVICE_FAMILY = "1,2";
			};
			name = Release;
		};
/* End XCBuildConfiguration section */

/* Begin XCConfigurationList section */
		81B24A1F26CAC0E10087543B /* Build configuration list for PBXProject "QuotesList" */ = {
			isa = XCConfigurationList;
			buildConfigurations = (
				81B24A3126CAC0E20087543B /* Debug */,
				81B24A3226CAC0E20087543B /* Release */,
			);
			defaultConfigurationIsVisible = 0;
			defaultConfigurationName = Release;
		};
		81B24A3326CAC0E20087543B /* Build configuration list for PBXNativeTarget "QuotesList" */ = {
			isa = XCConfigurationList;
			buildConfigurations = (
				81B24A3426CAC0E20087543B /* Debug */,
				81B24A3526CAC0E20087543B /* Release */,
			);
			defaultConfigurationIsVisible = 0;
			defaultConfigurationName = Release;
		};
/* End XCConfigurationList section */
	};
	rootObject = 81B24A1C26CAC0E10087543B /* Project object */;
}
