// !$*UTF8*$!
{
	archiveVersion = 1;
	classes = {
	};
	objectVersion = 50;
	objects = {

/* Begin PBXBuildFile section */
		813283B726C5D58600AC32CD /* mvvm_demoApp.swift in Sources */ = {isa = PBXBuildFile; fileRef = 813283B626C5D58600AC32CD /* mvvm_demoApp.swift */; };
		813283B926C5D58600AC32CD /* ContentView.swift in Sources */ = {isa = PBXBuildFile; fileRef = 813283B826C5D58600AC32CD /* ContentView.swift */; };
		813283BB26C5D58700AC32CD /* Assets.xcassets in Resources */ = {isa = PBXBuildFile; fileRef = 813283BA26C5D58700AC32CD /* Assets.xcassets */; };
		813283BE26C5D58700AC32CD /* Preview Assets.xcassets in Resources */ = {isa = PBXBuildFile; fileRef = 813283BD26C5D58700AC32CD /* Preview Assets.xcassets */; };
		813283C926C5D69F00AC32CD /* Recipe.swift in Sources */ = {isa = PBXBuildFile; fileRef = 813283C826C5D69F00AC32CD /* Recipe.swift */; };
		813283CB26C5D6F800AC32CD /* RecipeModel.swift in Sources */ = {isa = PBXBuildFile; fileRef = 813283CA26C5D6F800AC32CD /* RecipeModel.swift */; };
		813283CD26C6FD8D00AC32CD /* Pizza.swift in Sources */ = {isa = PBXBuildFile; fileRef = 813283CC26C6FD8D00AC32CD /* Pizza.swift */; };
		813283CF26C6FF1B00AC32CD /* PizzaModel.swift in Sources */ = {isa = PBXBuildFile; fileRef = 813283CE26C6FF1B00AC32CD /* PizzaModel.swift */; };
/* End PBXBuildFile section */

/* Begin PBXFileReference section */
		813283B326C5D58600AC32CD /* mvvm_demo.app */ = {isa = PBXFileReference; explicitFileType = wrapper.application; includeInIndex = 0; path = mvvm_demo.app; sourceTree = BUILT_PRODUCTS_DIR; };
		813283B626C5D58600AC32CD /* mvvm_demoApp.swift */ = {isa = PBXFileReference; lastKnownFileType = sourcecode.swift; path = mvvm_demoApp.swift; sourceTree = "<group>"; };
		813283B826C5D58600AC32CD /* ContentView.swift */ = {isa = PBXFileReference; lastKnownFileType = sourcecode.swift; path = ContentView.swift; sourceTree = "<group>"; };
		813283BA26C5D58700AC32CD /* Assets.xcassets */ = {isa = PBXFileReference; lastKnownFileType = folder.assetcatalog; path = Assets.xcassets; sourceTree = "<group>"; };
		813283BD26C5D58700AC32CD /* Preview Assets.xcassets */ = {isa = PBXFileReference; lastKnownFileType = folder.assetcatalog; path = "Preview Assets.xcassets"; sourceTree = "<group>"; };
		813283BF26C5D58700AC32CD /* Info.plist */ = {isa = PBXFileReference; lastKnownFileType = text.plist.xml; path = Info.plist; sourceTree = "<group>"; };
		813283C826C5D69F00AC32CD /* Recipe.swift */ = {isa = PBXFileReference; lastKnownFileType = sourcecode.swift; path = Recipe.swift; sourceTree = "<group>"; };
		813283CA26C5D6F800AC32CD /* RecipeModel.swift */ = {isa = PBXFileReference; lastKnownFileType = sourcecode.swift; path = RecipeModel.swift; sourceTree = "<group>"; };
		813283CC26C6FD8D00AC32CD /* Pizza.swift */ = {isa = PBXFileReference; lastKnownFileType = sourcecode.swift; path = Pizza.swift; sourceTree = "<group>"; };
		813283CE26C6FF1B00AC32CD /* PizzaModel.swift */ = {isa = PBXFileReference; lastKnownFileType = sourcecode.swift; path = PizzaModel.swift; sourceTree = "<group>"; };
/* End PBXFileReference section */

/* Begin PBXFrameworksBuildPhase section */
		813283B026C5D58600AC32CD /* Frameworks */ = {
			isa = PBXFrameworksBuildPhase;
			buildActionMask = 2147483647;
			files = (
			);
			runOnlyForDeploymentPostprocessing = 0;
		};
/* End PBXFrameworksBuildPhase section */

/* Begin PBXGroup section */
		813283AA26C5D58600AC32CD = {
			isa = PBXGroup;
			children = (
				813283B526C5D58600AC32CD /* mvvm_demo */,
				813283B426C5D58600AC32CD /* Products */,
			);
			sourceTree = "<group>";
		};
		813283B426C5D58600AC32CD /* Products */ = {
			isa = PBXGroup;
			children = (
				813283B326C5D58600AC32CD /* mvvm_demo.app */,
			);
			name = Products;
			sourceTree = "<group>";
		};
		813283B526C5D58600AC32CD /* mvvm_demo */ = {
			isa = PBXGroup;
			children = (
				813283B626C5D58600AC32CD /* mvvm_demoApp.swift */,
				813283C726C5D5E600AC32CD /* ViewModels */,
				813283C626C5D5DF00AC32CD /* Views */,
				813283C526C5D5C200AC32CD /* Models */,
				813283BA26C5D58700AC32CD /* Assets.xcassets */,
				813283BF26C5D58700AC32CD /* Info.plist */,
				813283BC26C5D58700AC32CD /* Preview Content */,
			);
			path = mvvm_demo;
			sourceTree = "<group>";
		};
		813283BC26C5D58700AC32CD /* Preview Content */ = {
			isa = PBXGroup;
			children = (
				813283BD26C5D58700AC32CD /* Preview Assets.xcassets */,
			);
			path = "Preview Content";
			sourceTree = "<group>";
		};
		813283C526C5D5C200AC32CD /* Models */ = {
			isa = PBXGroup;
			children = (
				813283C826C5D69F00AC32CD /* Recipe.swift */,
				813283CC26C6FD8D00AC32CD /* Pizza.swift */,
			);
			path = Models;
			sourceTree = "<group>";
		};
		813283C626C5D5DF00AC32CD /* Views */ = {
			isa = PBXGroup;
			children = (
				813283B826C5D58600AC32CD /* ContentView.swift */,
			);
			path = Views;
			sourceTree = "<group>";
		};
		813283C726C5D5E600AC32CD /* ViewModels */ = {
			isa = PBXGroup;
			children = (
				813283CA26C5D6F800AC32CD /* RecipeModel.swift */,
				813283CE26C6FF1B00AC32CD /* PizzaModel.swift */,
			);
			path = ViewModels;
			sourceTree = "<group>";
		};
/* End PBXGroup section */

/* Begin PBXNativeTarget section */
		813283B226C5D58600AC32CD /* mvvm_demo */ = {
			isa = PBXNativeTarget;
			buildConfigurationList = 813283C226C5D58700AC32CD /* Build configuration list for PBXNativeTarget "mvvm_demo" */;
			buildPhases = (
				813283AF26C5D58600AC32CD /* Sources */,
				813283B026C5D58600AC32CD /* Frameworks */,
				813283B126C5D58600AC32CD /* Resources */,
			);
			buildRules = (
			);
			dependencies = (
			);
			name = mvvm_demo;
			productName = mvvm_demo;
			productReference = 813283B326C5D58600AC32CD /* mvvm_demo.app */;
			productType = "com.apple.product-type.application";
		};
/* End PBXNativeTarget section */

/* Begin PBXProject section */
		813283AB26C5D58600AC32CD /* Project object */ = {
			isa = PBXProject;
			attributes = {
				LastSwiftUpdateCheck = 1250;
				LastUpgradeCheck = 1250;
				TargetAttributes = {
					813283B226C5D58600AC32CD = {
						CreatedOnToolsVersion = 12.5.1;
					};
				};
			};
			buildConfigurationList = 813283AE26C5D58600AC32CD /* Build configuration list for PBXProject "mvvm_demo" */;
			compatibilityVersion = "Xcode 9.3";
			developmentRegion = en;
			hasScannedForEncodings = 0;
			knownRegions = (
				en,
				Base,
			);
			mainGroup = 813283AA26C5D58600AC32CD;
			productRefGroup = 813283B426C5D58600AC32CD /* Products */;
			projectDirPath = "";
			projectRoot = "";
			targets = (
				813283B226C5D58600AC32CD /* mvvm_demo */,
			);
		};
/* End PBXProject section */

/* Begin PBXResourcesBuildPhase section */
		813283B126C5D58600AC32CD /* Resources */ = {
			isa = PBXResourcesBuildPhase;
			buildActionMask = 2147483647;
			files = (
				813283BE26C5D58700AC32CD /* Preview Assets.xcassets in Resources */,
				813283BB26C5D58700AC32CD /* Assets.xcassets in Resources */,
			);
			runOnlyForDeploymentPostprocessing = 0;
		};
/* End PBXResourcesBuildPhase section */

/* Begin PBXSourcesBuildPhase section */
		813283AF26C5D58600AC32CD /* Sources */ = {
			isa = PBXSourcesBuildPhase;
			buildActionMask = 2147483647;
			files = (
				813283C926C5D69F00AC32CD /* Recipe.swift in Sources */,
				813283CB26C5D6F800AC32CD /* RecipeModel.swift in Sources */,
				813283CF26C6FF1B00AC32CD /* PizzaModel.swift in Sources */,
				813283B926C5D58600AC32CD /* ContentView.swift in Sources */,
				813283CD26C6FD8D00AC32CD /* Pizza.swift in Sources */,
				813283B726C5D58600AC32CD /* mvvm_demoApp.swift in Sources */,
			);
			runOnlyForDeploymentPostprocessing = 0;
		};
/* End PBXSourcesBuildPhase section */

/* Begin XCBuildConfiguration section */
		813283C026C5D58700AC32CD /* Debug */ = {
			isa = XCBuildConfiguration;
			buildSettings = {
				ALWAYS_SEARCH_USER_PATHS = NO;
				CLANG_ANALYZER_NONNULL = YES;
				CLANG_ANALYZER_NUMBER_OBJECT_CONVERSION = YES_AGGRESSIVE;
				CLANG_CXX_LANGUAGE_STANDARD = "gnu++14";
				CLANG_CXX_LIBRARY = "libc++";
				CLANG_ENABLE_MODULES = YES;
				CLANG_ENABLE_OBJC_ARC = YES;
				CLANG_ENABLE_OBJC_WEAK = YES;
				CLANG_WARN_BLOCK_CAPTURE_AUTORELEASING = YES;
				CLANG_WARN_BOOL_CONVERSION = YES;
				CLANG_WARN_COMMA = YES;
				CLANG_WARN_CONSTANT_CONVERSION = YES;
				CLANG_WARN_DEPRECATED_OBJC_IMPLEMENTATIONS = YES;
				CLANG_WARN_DIRECT_OBJC_ISA_USAGE = YES_ERROR;
				CLANG_WARN_DOCUMENTATION_COMMENTS = YES;
				CLANG_WARN_EMPTY_BODY = YES;
				CLANG_WARN_ENUM_CONVERSION = YES;
				CLANG_WARN_INFINITE_RECURSION = YES;
				CLANG_WARN_INT_CONVERSION = YES;
				CLANG_WARN_NON_LITERAL_NULL_CONVERSION = YES;
				CLANG_WARN_OBJC_IMPLICIT_RETAIN_SELF = YES;
				CLANG_WARN_OBJC_LITERAL_CONVERSION = YES;
				CLANG_WARN_OBJC_ROOT_CLASS = YES_ERROR;
				CLANG_WARN_QUOTED_INCLUDE_IN_FRAMEWORK_HEADER = YES;
				CLANG_WARN_RANGE_LOOP_ANALYSIS = YES;
				CLANG_WARN_STRICT_PROTOTYPES = YES;
				CLANG_WARN_SUSPICIOUS_MOVE = YES;
				CLANG_WARN_UNGUARDED_AVAILABILITY = YES_AGGRESSIVE;
				CLANG_WARN_UNREACHABLE_CODE = YES;
				CLANG_WARN__DUPLICATE_METHOD_MATCH = YES;
				COPY_PHASE_STRIP = NO;
				DEBUG_INFORMATION_FORMAT = dwarf;
				ENABLE_STRICT_OBJC_MSGSEND = YES;
				ENABLE_TESTABILITY = YES;
				GCC_C_LANGUAGE_STANDARD = gnu11;
				GCC_DYNAMIC_NO_PIC = NO;
				GCC_NO_COMMON_BLOCKS = YES;
				GCC_OPTIMIZATION_LEVEL = 0;
				GCC_PREPROCESSOR_DEFINITIONS = (
					"DEBUG=1",
					"$(inherited)",
				);
				GCC_WARN_64_TO_32_BIT_CONVERSION = YES;
				GCC_WARN_ABOUT_RETURN_TYPE = YES_ERROR;
				GCC_WARN_UNDECLARED_SELECTOR = YES;
				GCC_WARN_UNINITIALIZED_AUTOS = YES_AGGRESSIVE;
				GCC_WARN_UNUSED_FUNCTION = YES;
				GCC_WARN_UNUSED_VARIABLE = YES;
				IPHONEOS_DEPLOYMENT_TARGET = 14.5;
				MTL_ENABLE_DEBUG_INFO = INCLUDE_SOURCE;
				MTL_FAST_MATH = YES;
				ONLY_ACTIVE_ARCH = YES;
				SDKROOT = iphoneos;
				SWIFT_ACTIVE_COMPILATION_CONDITIONS = DEBUG;
				SWIFT_OPTIMIZATION_LEVEL = "-Onone";
			};
			name = Debug;
		};
		813283C126C5D58700AC32CD /* Release */ = {
			isa = XCBuildConfiguration;
			buildSettings = {
				ALWAYS_SEARCH_USER_PATHS = NO;
				CLANG_ANALYZER_NONNULL = YES;
				CLANG_ANALYZER_NUMBER_OBJECT_CONVERSION = YES_AGGRESSIVE;
				CLANG_CXX_LANGUAGE_STANDARD = "gnu++14";
				CLANG_CXX_LIBRARY = "libc++";
				CLANG_ENABLE_MODULES = YES;
				CLANG_ENABLE_OBJC_ARC = YES;
				CLANG_ENABLE_OBJC_WEAK = YES;
				CLANG_WARN_BLOCK_CAPTURE_AUTORELEASING = YES;
				CLANG_WARN_BOOL_CONVERSION = YES;
				CLANG_WARN_COMMA = YES;
				CLANG_WARN_CONSTANT_CONVERSION = YES;
				CLANG_WARN_DEPRECATED_OBJC_IMPLEMENTATIONS = YES;
				CLANG_WARN_DIRECT_OBJC_ISA_USAGE = YES_ERROR;
				CLANG_WARN_DOCUMENTATION_COMMENTS = YES;
				CLANG_WARN_EMPTY_BODY = YES;
				CLANG_WARN_ENUM_CONVERSION = YES;
				CLANG_WARN_INFINITE_RECURSION = YES;
				CLANG_WARN_INT_CONVERSION = YES;
				CLANG_WARN_NON_LITERAL_NULL_CONVERSION = YES;
				CLANG_WARN_OBJC_IMPLICIT_RETAIN_SELF = YES;
				CLANG_WARN_OBJC_LITERAL_CONVERSION = YES;
				CLANG_WARN_OBJC_ROOT_CLASS = YES_ERROR;
				CLANG_WARN_QUOTED_INCLUDE_IN_FRAMEWORK_HEADER = YES;
				CLANG_WARN_RANGE_LOOP_ANALYSIS = YES;
				CLANG_WARN_STRICT_PROTOTYPES = YES;
				CLANG_WARN_SUSPICIOUS_MOVE = YES;
				CLANG_WARN_UNGUARDED_AVAILABILITY = YES_AGGRESSIVE;
				CLANG_WARN_UNREACHABLE_CODE = YES;
				CLANG_WARN__DUPLICATE_METHOD_MATCH = YES;
				COPY_PHASE_STRIP = NO;
				DEBUG_INFORMATION_FORMAT = "dwarf-with-dsym";
				ENABLE_NS_ASSERTIONS = NO;
				ENABLE_STRICT_OBJC_MSGSEND = YES;
				GCC_C_LANGUAGE_STANDARD = gnu11;
				GCC_NO_COMMON_BLOCKS = YES;
				GCC_WARN_64_TO_32_BIT_CONVERSION = YES;
				GCC_WARN_ABOUT_RETURN_TYPE = YES_ERROR;
				GCC_WARN_UNDECLARED_SELECTOR = YES;
				GCC_WARN_UNINITIALIZED_AUTOS = YES_AGGRESSIVE;
				GCC_WARN_UNUSED_FUNCTION = YES;
				GCC_WARN_UNUSED_VARIABLE = YES;
				IPHONEOS_DEPLOYMENT_TARGET = 14.5;
				MTL_ENABLE_DEBUG_INFO = NO;
				MTL_FAST_MATH = YES;
				SDKROOT = iphoneos;
				SWIFT_COMPILATION_MODE = wholemodule;
				SWIFT_OPTIMIZATION_LEVEL = "-O";
				VALIDATE_PRODUCT = YES;
			};
			name = Release;
		};
		813283C326C5D58700AC32CD /* Debug */ = {
			isa = XCBuildConfiguration;
			buildSettings = {
				ASSETCATALOG_COMPILER_APPICON_NAME = AppIcon;
				ASSETCATALOG_COMPILER_GLOBAL_ACCENT_COLOR_NAME = AccentColor;
				CODE_SIGN_STYLE = Automatic;
				DEVELOPMENT_ASSET_PATHS = "\"mvvm_demo/Preview Content\"";
				ENABLE_PREVIEWS = YES;
				INFOPLIST_FILE = mvvm_demo/Info.plist;
				IPHONEOS_DEPLOYMENT_TARGET = 14.0;
				LD_RUNPATH_SEARCH_PATHS = (
					"$(inherited)",
					"@executable_path/Frameworks",
				);
				PRODUCT_BUNDLE_IDENTIFIER = "com.mehar.mvvm-demo";
				PRODUCT_NAME = "$(TARGET_NAME)";
				SWIFT_VERSION = 5.0;
				TARGETED_DEVICE_FAMILY = "1,2";
			};
			name = Debug;
		};
		813283C426C5D58700AC32CD /* Release */ = {
			isa = XCBuildConfiguration;
			buildSettings = {
				ASSETCATALOG_COMPILER_APPICON_NAME = AppIcon;
				ASSETCATALOG_COMPILER_GLOBAL_ACCENT_COLOR_NAME = AccentColor;
				CODE_SIGN_STYLE = Automatic;
				DEVELOPMENT_ASSET_PATHS = "\"mvvm_demo/Preview Content\"";
				ENABLE_PREVIEWS = YES;
				INFOPLIST_FILE = mvvm_demo/Info.plist;
				IPHONEOS_DEPLOYMENT_TARGET = 14.0;
				LD_RUNPATH_SEARCH_PATHS = (
					"$(inherited)",
					"@executable_path/Frameworks",
				);
				PRODUCT_BUNDLE_IDENTIFIER = "com.mehar.mvvm-demo";
				PRODUCT_NAME = "$(TARGET_NAME)";
				SWIFT_VERSION = 5.0;
				TARGETED_DEVICE_FAMILY = "1,2";
			};
			name = Release;
		};
/* End XCBuildConfiguration section */

/* Begin XCConfigurationList section */
		813283AE26C5D58600AC32CD /* Build configuration list for PBXProject "mvvm_demo" */ = {
			isa = XCConfigurationList;
			buildConfigurations = (
				813283C026C5D58700AC32CD /* Debug */,
				813283C126C5D58700AC32CD /* Release */,
			);
			defaultConfigurationIsVisible = 0;
			defaultConfigurationName = Release;
		};
		813283C226C5D58700AC32CD /* Build configuration list for PBXNativeTarget "mvvm_demo" */ = {
			isa = XCConfigurationList;
			buildConfigurations = (
				813283C326C5D58700AC32CD /* Debug */,
				813283C426C5D58700AC32CD /* Release */,
			);
			defaultConfigurationIsVisible = 0;
			defaultConfigurationName = Release;
		};
/* End XCConfigurationList section */
	};
	rootObject = 813283AB26C5D58600AC32CD /* Project object */;
}
